
Microsoft Visual Studio Solution File, Format Version 12.00
# Visual Studio Version 17
VisualStudioVersion = 17.3.32929.385
MinimumVisualStudioVersion = 10.0.40219.1
Project("{9A19103F-16F7-4668-BE54-9A1E7A4F7556}") = "8.1.4", "8.1.4\8.1.4.csproj", "{F698DB46-5F87-4117-BB31-E4DA1A75A85F}"
EndProject
Project("{9A19103F-16F7-4668-BE54-9A1E7A4F7556}") = "8.1.5", "8.1.5\8.1.5.csproj", "{CBDBC4B0-A07E-4880-B23E-E2F4D49EF254}"
EndProject
Project("{9A19103F-16F7-4668-BE54-9A1E7A4F7556}") = "8.2.1", "8.2.1\8.2.1.csproj", "{5D4A2CE0-5B51-4BBB-B1CC-521496CBA920}"
EndProject
Project("{9A19103F-16F7-4668-BE54-9A1E7A4F7556}") = "8.2.3", "8.2.3\8.2.3.csproj", "{FD84876D-4A44-42CB-910F-CC4D21A8679B}"
EndProject
Project("{9A19103F-16F7-4668-BE54-9A1E7A4F7556}") = "8.3.1", "8.3.1\8.3.1.csproj", "{19649A82-A45F-4388-AA74-E155EABDA44A}"
EndProject
Project("{9A19103F-16F7-4668-BE54-9A1E7A4F7556}") = "8.3.2", "8.3.2\8.3.2.csproj", "{46E52E4E-075C-4067-99F6-B20D1F2E2B59}"
EndProject
Project("{9A19103F-16F7-4668-BE54-9A1E7A4F7556}") = "8.4.1", "8.4.1\8.4.1.csproj", "{57AB899E-544B-411E-BF6B-A81A20C15772}"
EndProject
Project("{9A19103F-16F7-4668-BE54-9A1E7A4F7556}") = "8.4.3", "8.4.3\8.4.3.csproj", "{6FAFBA31-3D54-4DD3-9CD9-139073B47D50}"
EndProject
Project("{FAE04EC0-301F-11D3-BF4B-00C04F79EFBC}") = "DirectoryAndFilesExtension", "DirectoryAndFilesExtension\DirectoryAndFilesExtension.csproj", "{54EA8FB9-60DA-46DB-8423-D3DFA55991CE}"
EndProject
Project("{FAE04EC0-301F-11D3-BF4B-00C04F79EFBC}") = "HW Test", "HW Test\HW Test.csproj", "{E578DF0F-186F-4AF5-B174-26EA7E979FDD}"
EndProject
Global
	GlobalSection(SolutionConfigurationPlatforms) = preSolution
		Debug|Any CPU = Debug|Any CPU
		Release|Any CPU = Release|Any CPU
	EndGlobalSection
	GlobalSection(ProjectConfigurationPlatforms) = postSolution
		{F698DB46-5F87-4117-BB31-E4DA1A75A85F}.Debug|Any CPU.ActiveCfg = Debug|Any CPU
		{F698DB46-5F87-4117-BB31-E4DA1A75A85F}.Debug|Any CPU.Build.0 = Debug|Any CPU
		{F698DB46-5F87-4117-BB31-E4DA1A75A85F}.Release|Any CPU.ActiveCfg = Release|Any CPU
		{F698DB46-5F87-4117-BB31-E4DA1A75A85F}.Release|Any CPU.Build.0 = Release|Any CPU
		{CBDBC4B0-A07E-4880-B23E-E2F4D49EF254}.Debug|Any CPU.ActiveCfg = Debug|Any CPU
		{CBDBC4B0-A07E-4880-B23E-E2F4D49EF254}.Debug|Any CPU.Build.0 = Debug|Any CPU
		{CBDBC4B0-A07E-4880-B23E-E2F4D49EF254}.Release|Any CPU.ActiveCfg = Release|Any CPU
		{CBDBC4B0-A07E-4880-B23E-E2F4D49EF254}.Release|Any CPU.Build.0 = Release|Any CPU
		{5D4A2CE0-5B51-4BBB-B1CC-521496CBA920}.Debug|Any CPU.ActiveCfg = Debug|Any CPU
		{5D4A2CE0-5B51-4BBB-B1CC-521496CBA920}.Debug|Any CPU.Build.0 = Debug|Any CPU
		{5D4A2CE0-5B51-4BBB-B1CC-521496CBA920}.Release|Any CPU.ActiveCfg = Release|Any CPU
		{5D4A2CE0-5B51-4BBB-B1CC-521496CBA920}.Release|Any CPU.Build.0 = Release|Any CPU
		{FD84876D-4A44-42CB-910F-CC4D21A8679B}.Debug|Any CPU.ActiveCfg = Debug|Any CPU
		{FD84876D-4A44-42CB-910F-CC4D21A8679B}.Debug|Any CPU.Build.0 = Debug|Any CPU
		{FD84876D-4A44-42CB-910F-CC4D21A8679B}.Release|Any CPU.ActiveCfg = Release|Any CPU
		{FD84876D-4A44-42CB-910F-CC4D21A8679B}.Release|Any CPU.Build.0 = Release|Any CPU
		{19649A82-A45F-4388-AA74-E155EABDA44A}.Debug|Any CPU.ActiveCfg = Debug|Any CPU
		{19649A82-A45F-4388-AA74-E155EABDA44A}.Debug|Any CPU.Build.0 = Debug|Any CPU
		{19649A82-A45F-4388-AA74-E155EABDA44A}.Release|Any CPU.ActiveCfg = Release|Any CPU
		{19649A82-A45F-4388-AA74-E155EABDA44A}.Release|Any CPU.Build.0 = Release|Any CPU
		{46E52E4E-075C-4067-99F6-B20D1F2E2B59}.Debug|Any CPU.ActiveCfg = Debug|Any CPU
		{46E52E4E-075C-4067-99F6-B20D1F2E2B59}.Debug|Any CPU.Build.0 = Debug|Any CPU
		{46E52E4E-075C-4067-99F6-B20D1F2E2B59}.Release|Any CPU.ActiveCfg = Release|Any CPU
		{46E52E4E-075C-4067-99F6-B20D1F2E2B59}.Release|Any CPU.Build.0 = Release|Any CPU
		{57AB899E-544B-411E-BF6B-A81A20C15772}.Debug|Any CPU.ActiveCfg = Debug|Any CPU
		{57AB899E-544B-411E-BF6B-A81A20C15772}.Debug|Any CPU.Build.0 = Debug|Any CPU
		{57AB899E-544B-411E-BF6B-A81A20C15772}.Release|Any CPU.ActiveCfg = Release|Any CPU
		{57AB899E-544B-411E-BF6B-A81A20C15772}.Release|Any CPU.Build.0 = Release|Any CPU
		{6FAFBA31-3D54-4DD3-9CD9-139073B47D50}.Debug|Any CPU.ActiveCfg = Debug|Any CPU
		{6FAFBA31-3D54-4DD3-9CD9-139073B47D50}.Debug|Any CPU.Build.0 = Debug|Any CPU
		{6FAFBA31-3D54-4DD3-9CD9-139073B47D50}.Release|Any CPU.ActiveCfg = Release|Any CPU
		{6FAFBA31-3D54-4DD3-9CD9-139073B47D50}.Release|Any CPU.Build.0 = Release|Any CPU
		{54EA8FB9-60DA-46DB-8423-D3DFA55991CE}.Debug|Any CPU.ActiveCfg = Debug|Any CPU
		{54EA8FB9-60DA-46DB-8423-D3DFA55991CE}.Debug|Any CPU.Build.0 = Debug|Any CPU
		{54EA8FB9-60DA-46DB-8423-D3DFA55991CE}.Release|Any CPU.ActiveCfg = Release|Any CPU
		{54EA8FB9-60DA-46DB-8423-D3DFA55991CE}.Release|Any CPU.Build.0 = Release|Any CPU
		{E578DF0F-186F-4AF5-B174-26EA7E979FDD}.Debug|Any CPU.ActiveCfg = Debug|Any CPU
		{E578DF0F-186F-4AF5-B174-26EA7E979FDD}.Debug|Any CPU.Build.0 = Debug|Any CPU
		{E578DF0F-186F-4AF5-B174-26EA7E979FDD}.Release|Any CPU.ActiveCfg = Release|Any CPU
		{E578DF0F-186F-4AF5-B174-26EA7E979FDD}.Release|Any CPU.Build.0 = Release|Any CPU
	EndGlobalSection
	GlobalSection(SolutionProperties) = preSolution
		HideSolutionNode = FALSE
	EndGlobalSection
	GlobalSection(ExtensibilityGlobals) = postSolution
		SolutionGuid = {4DB4699E-464B-4123-9FE7-BC3BD4975E53}
	EndGlobalSection
EndGlobal
